PODS:
  - connectivity_plus (0.0.1):
    - Flutter
    - FlutterMacOS
  - Flutter (1.0.0)
  - integration_test (0.0.1):
    - Flutter
  - reko_speed_test (1.0.3):
    - Flutter

DEPENDENCIES:
  - connectivity_plus (from `.symlinks/plugins/connectivity_plus/darwin`)
  - Flutter (from `Flutter`)
  - integration_test (from `.symlinks/plugins/integration_test/ios`)
  - reko_speed_test (from `.symlinks/plugins/reko_speed_test/ios`)

EXTERNAL SOURCES:
  connectivity_plus:
    :path: ".symlinks/plugins/connectivity_plus/darwin"
  Flutter:
    :path: Flutter
  integration_test:
    :path: ".symlinks/plugins/integration_test/ios"
  reko_speed_test:
    :path: ".symlinks/plugins/reko_speed_test/ios"

SPEC CHECKSUMS:
  connectivity_plus: 4c41c08fc6d7c91f63bc7aec70ffe3730b04f563
  Flutter: e0871f40cf51350855a761d2e70bf5af5b9b5de7
  integration_test: 252f60fa39af5e17c3aa9899d35d908a0721b573
  reko_speed_test: eb5ac6dcfa2327a079d5ef3da51a0ad6ba73e909

PODFILE CHECKSUM: 819463e6a0290f5a72f145ba7cde16e8b6ef0796

COCOAPODS: 1.15.2
